{
  "name": "casa-frontend",
  "lockfileVersion": 3,
  "requires": true,
  "packages": {
    "": {
      "name": "casa-frontend",
      "version": "0.0.1",
      "dependencies": {
        "@mui/icons-material": "^6.1.0",
        "@mui/material": "^6.1.0",
        "react": "^18.3.1",
        "react-dom": "^18.3.1"
      },
      "devDependencies": {
        "@types/react": "^18.3.5",
        "@types/react-dom": "^18.3.0",
        "typescript": "^5.5.4",
        "vite": "^5.4.0",
        "@vitejs/plugin-react": "^4.3.1"
      }
    }
  }
}